
Microsoft Visual Studio Solution File, Format Version 12.00
# Visual Studio Version 17
VisualStudioVersion = 17.0.31717.71
MinimumVisualStudioVersion = 10.0.40219.1
Project("{FAE04EC0-301F-11D3-BF4B-00C04F79EFBC}") = "Lunacy", "Lunacy\Lunacy.csproj", "{07A2234B-CD4E-400C-AE2C-B98F89AD5A02}"
EndProject
Project("{FAE04EC0-301F-11D3-BF4B-00C04F79EFBC}") = "Lunacy.ASAR", "Lunacy.ASAR\Lunacy.ASAR.csproj", "{73640370-E683-4E33-93B7-EB5D6747EED4}"
EndProject
Global
	GlobalSection(SolutionConfigurationPlatforms) = preSolution
		Debug|Any CPU = Debug|Any CPU
		Release|Any CPU = Release|Any CPU
	EndGlobalSection
	GlobalSection(ProjectConfigurationPlatforms) = postSolution
		{07A2234B-CD4E-400C-AE2C-B98F89AD5A02}.Debug|Any CPU.ActiveCfg = Debug|Any CPU
		{07A2234B-CD4E-400C-AE2C-B98F89AD5A02}.Debug|Any CPU.Build.0 = Debug|Any CPU
		{07A2234B-CD4E-400C-AE2C-B98F89AD5A02}.Release|Any CPU.ActiveCfg = Release|Any CPU
		{07A2234B-CD4E-400C-AE2C-B98F89AD5A02}.Release|Any CPU.Build.0 = Release|Any CPU
		{73640370-E683-4E33-93B7-EB5D6747EED4}.Debug|Any CPU.ActiveCfg = Debug|Any CPU
		{73640370-E683-4E33-93B7-EB5D6747EED4}.Debug|Any CPU.Build.0 = Debug|Any CPU
		{73640370-E683-4E33-93B7-EB5D6747EED4}.Release|Any CPU.ActiveCfg = Release|Any CPU
		{73640370-E683-4E33-93B7-EB5D6747EED4}.Release|Any CPU.Build.0 = Release|Any CPU
	EndGlobalSection
	GlobalSection(SolutionProperties) = preSolution
		HideSolutionNode = FALSE
	EndGlobalSection
	GlobalSection(ExtensibilityGlobals) = postSolution
		SolutionGuid = {BDA5E0A4-809B-4187-B683-ECC276F4B6BD}
	EndGlobalSection
EndGlobal
